
Microsoft Visual Studio Solution File, Format Version 12.00
# Visual Studio Version 17
VisualStudioVersion = 17.9.34714.143
MinimumVisualStudioVersion = 10.0.40219.1
Project("{9A19103F-16F7-4668-BE54-9A1E7A4F7556}") = "InterviewCrudTask", "InterviewCrudTask.csproj", "{3FD04267-EA1D-4097-9114-4B38C39EA368}"
EndProject
Project("{9A19103F-16F7-4668-BE54-9A1E7A4F7556}") = "InventoryBlazor", "..\InventoryBlazor\InventoryBlazor.csproj", "{7AC086B1-6ED2-4879-B5A0-12E9BD3A24A7}"
EndProject
Global
	GlobalSection(SolutionConfigurationPlatforms) = preSolution
		Debug|Any CPU = Debug|Any CPU
		Release|Any CPU = Release|Any CPU
	EndGlobalSection
	GlobalSection(ProjectConfigurationPlatforms) = postSolution
		{3FD04267-EA1D-4097-9114-4B38C39EA368}.Debug|Any CPU.ActiveCfg = Debug|Any CPU
		{3FD04267-EA1D-4097-9114-4B38C39EA368}.Debug|Any CPU.Build.0 = Debug|Any CPU
		{3FD04267-EA1D-4097-9114-4B38C39EA368}.Release|Any CPU.ActiveCfg = Release|Any CPU
		{3FD04267-EA1D-4097-9114-4B38C39EA368}.Release|Any CPU.Build.0 = Release|Any CPU
		{7AC086B1-6ED2-4879-B5A0-12E9BD3A24A7}.Debug|Any CPU.ActiveCfg = Debug|Any CPU
		{7AC086B1-6ED2-4879-B5A0-12E9BD3A24A7}.Debug|Any CPU.Build.0 = Debug|Any CPU
		{7AC086B1-6ED2-4879-B5A0-12E9BD3A24A7}.Release|Any CPU.ActiveCfg = Release|Any CPU
		{7AC086B1-6ED2-4879-B5A0-12E9BD3A24A7}.Release|Any CPU.Build.0 = Release|Any CPU
	EndGlobalSection
	GlobalSection(SolutionProperties) = preSolution
		HideSolutionNode = FALSE
	EndGlobalSection
	GlobalSection(ExtensibilityGlobals) = postSolution
		SolutionGuid = {3CB8DCF3-294F-4487-B3C3-526A995D95E9}
	EndGlobalSection
EndGlobal
